
Microsoft Visual Studio Solution File, Format Version 12.00
# Visual Studio Version 17
VisualStudioVersion = 17.1.32407.343
MinimumVisualStudioVersion = 10.0.40219.1
Project("{FAE04EC0-301F-11D3-BF4B-00C04F79EFBC}") = "HermesVideo", "HermesVideo\HermesVideo.csproj", "{E14F62B9-22F0-42E8-BCC9-47FC6B799E9D}"
EndProject
Global
	GlobalSection(SolutionConfigurationPlatforms) = preSolution
		Debug|Any CPU = Debug|Any CPU
		Release|Any CPU = Release|Any CPU
	EndGlobalSection
	GlobalSection(ProjectConfigurationPlatforms) = postSolution
		{E14F62B9-22F0-42E8-BCC9-47FC6B799E9D}.Debug|Any CPU.ActiveCfg = Debug|Any CPU
		{E14F62B9-22F0-42E8-BCC9-47FC6B799E9D}.Debug|Any CPU.Build.0 = Debug|Any CPU
		{E14F62B9-22F0-42E8-BCC9-47FC6B799E9D}.Release|Any CPU.ActiveCfg = Release|Any CPU
		{E14F62B9-22F0-42E8-BCC9-47FC6B799E9D}.Release|Any CPU.Build.0 = Release|Any CPU
	EndGlobalSection
	GlobalSection(SolutionProperties) = preSolution
		HideSolutionNode = FALSE
	EndGlobalSection
	GlobalSection(ExtensibilityGlobals) = postSolution
		SolutionGuid = {7961EEA1-27D5-410E-A600-B5E86EFC9FDE}
	EndGlobalSection
EndGlobal
